{
  "name": "ln-plugin",
  "version": "1.0.0",
  "lockfileVersion": 1,
  "requires": true,
  "dependencies": {
    "axios": {
      "version": "0.21.2",
      "resolved": "https://registry.npmjs.org/axios/-/axios-0.21.2.tgz",
      "integrity": "sha512-87otirqUw3e8CzHTMO+/9kh/FSgXt/eVDvipijwDtEuwbkySWZ9SBm6VEubmJ/kLKEoLQV/POhxXFb66bfekfg==",
      "requires": {
        "follow-redirects": "^1.14.0"
      }
    },
    "colors": {
      "version": "1.4.0",
      "resolved": "https://registry.npmjs.org/colors/-/colors-1.4.0.tgz",
      "integrity": "sha512-a+UqTh4kgZg/SlGvfbzDHpgRu7AAQOmmqRHJnxhRZICKFUT91brVhNNt58CMWU9PsBbv3PDCZUHbVxuDiH2mtA=="
    },
    "dateformat": {
      "version": "4.5.1",
      "resolved": "https://registry.npmjs.org/dateformat/-/dateformat-4.5.1.tgz",
      "integrity": "sha512-OD0TZ+B7yP7ZgpJf5K2DIbj3FZvFvxgFUuaqA/V5zTjAtAAXZ1E8bktHxmAGs4x5b7PflqA9LeQ84Og7wYtF7Q=="
    },
    "follow-redirects": {
      "version": "1.14.8",
      "resolved": "https://registry.npmjs.org/follow-redirects/-/follow-redirects-1.14.8.tgz",
      "integrity": "sha512-1x0S9UVJHsQprFcEC/qnNzBLcIxsjAV905f/UkQxbclCsoTWlacCNOpQa/anodLl2uaEKFhfWOvM2Qg77+15zA=="
    },
    "mkdirp": {
      "version": "1.0.4",
      "resolved": "https://registry.npmjs.org/mkdirp/-/mkdirp-1.0.4.tgz",
      "integrity": "sha512-vVqVZQyf3WLx2Shd0qJ9xuvqgAyKPLAiqITEtqW0oIUjzo3PePDd6fW9iFz30ef7Ysp/oiWqbhszeGWW2T6Gzw=="
    },
    "split": {
      "version": "1.0.1",
      "resolved": "https://registry.npmjs.org/split/-/split-1.0.1.tgz",
      "integrity": "sha512-mTyOoPbrivtXnwnIxZRFYRrPNtEFKlpB2fvjSnCQUiAA6qAZzqwna5envK4uk6OIeP17CsdF3rSBGYVBsU0Tkg==",
      "requires": {
        "through": "2"
      }
    },
    "through": {
      "version": "2.3.8",
      "resolved": "https://registry.npmjs.org/through/-/through-2.3.8.tgz",
      "integrity": "sha1-DdTJ/6q8NXlgsbckEV1+Doai4fU="
    },
    "tinytim": {
      "version": "0.1.1",
      "resolved": "https://registry.npmjs.org/tinytim/-/tinytim-0.1.1.tgz",
      "integrity": "sha512-NIpsp9lBIxPNzB++HnMmUd4byzJSVbbO4F+As1Gb1IG/YQT5QvmBDjpx8SpDS8fhGC+t+Qw8ldQgbcAIaU+2cA=="
    },
    "tracer": {
      "version": "1.1.6",
      "resolved": "https://registry.npmjs.org/tracer/-/tracer-1.1.6.tgz",
      "integrity": "sha512-VKEIQRNgzSgti18whs+8l7e2y/gWcklw+C/xZtFH/AGvaN6GDlvhkQTFEsy448Gxb5MtbNbzJiG0L1TJEQnqcA==",
      "requires": {
        "colors": "1.4.0",
        "dateformat": "4.5.1",
        "mkdirp": "^1.0.4",
        "tinytim": "0.1.1"
      }
    }
  }
}
