{
  "name": "bitcoin-script-examples",
  "version": "1.0.0",
  "lockfileVersion": 1,
  "requires": true,
  "dependencies": {
    "abbrev": {
      "version": "1.1.1",
      "resolved": "https://registry.npmjs.org/abbrev/-/abbrev-1.1.1.tgz",
      "integrity": "sha512-nne9/IiQ/hzIhY6pdDnbBtz7DjPTKrY00P/zvPSm5pOFkl6xuGrGnXn/VtTNNfNtAfZ9/1RtehkszU9qcTii0Q=="
    },
    "balanced-match": {
      "version": "1.0.0",
      "resolved": "https://registry.npmjs.org/balanced-match/-/balanced-match-1.0.0.tgz",
      "integrity": "sha1-ibTRmasr7kneFk6gK4nORi1xt2c="
    },
    "big-integer": {
      "version": "1.6.44",
      "resolved": "https://registry.npmjs.org/big-integer/-/big-integer-1.6.44.tgz",
      "integrity": "sha512-7MzElZPTyJ2fNvBkPxtFQ2fWIkVmuzw41+BZHSzpEq3ymB2MfeKp1+yXl/tS75xCx+WnyV+yb0kp+K1C3UNwmQ=="
    },
    "bigi": {
      "version": "1.4.2",
      "resolved": "https://registry.npmjs.org/bigi/-/bigi-1.4.2.tgz",
      "integrity": "sha1-nGZalfiLiwj8Bc/XMfVhhZ1yWCU="
    },
    "binstring": {
      "version": "0.2.1",
      "resolved": "https://registry.npmjs.org/binstring/-/binstring-0.2.1.tgz",
      "integrity": "sha1-ihdNMB9tVO/aVQ3Zi7TLUk6s110="
    },
    "bitcoin-script": {
      "version": "0.1.1",
      "resolved": "https://registry.npmjs.org/bitcoin-script/-/bitcoin-script-0.1.1.tgz",
      "integrity": "sha1-UsUE3dweOxMXp7ZWeoiYGz7zkpw=",
      "requires": {
        "big-integer": "^1.3.19",
        "bigi": "^1.2.1",
        "coinkey": "^0.1.0",
        "ecdsa": "^0.6.0",
        "js-beautify": "^1.5.4",
        "ripemd160": "^0.2.0",
        "secure-random": "^1.1.1",
        "sha1": "^1.1.0",
        "sha256": "^0.1.1"
      }
    },
    "brace-expansion": {
      "version": "1.1.11",
      "resolved": "https://registry.npmjs.org/brace-expansion/-/brace-expansion-1.1.11.tgz",
      "integrity": "sha512-iCuPHDFgrHX7H2vEI/5xpz07zSHB00TpugqhmYtVmMO6518mCuRMoOYFldEBl0g187ufozdaHgWKcYFb61qGiA==",
      "requires": {
        "balanced-match": "^1.0.0",
        "concat-map": "0.0.1"
      }
    },
    "bs58": {
      "version": "0.3.0",
      "resolved": "https://registry.npmjs.org/bs58/-/bs58-0.3.0.tgz",
      "integrity": "sha1-y0gQe/RGcn0+F7IRAtpzyokQlYg=",
      "requires": {
        "bigi": "0.2.0",
        "binstring": "~0.2.0"
      },
      "dependencies": {
        "bigi": {
          "version": "0.2.0",
          "resolved": "https://registry.npmjs.org/bigi/-/bigi-0.2.0.tgz",
          "integrity": "sha1-i+4mNIuZxK4u0gSB+xI4TDJ5L3Q="
        }
      }
    },
    "charenc": {
      "version": "0.0.2",
      "resolved": "https://registry.npmjs.org/charenc/-/charenc-0.0.2.tgz",
      "integrity": "sha1-wKHS86cJLgN3S/qD8UwPxXkKhmc="
    },
    "coinkey": {
      "version": "0.1.0",
      "resolved": "https://registry.npmjs.org/coinkey/-/coinkey-0.1.0.tgz",
      "integrity": "sha1-vfKpU9z+T9cP26MADHh/82nYKUw=",
      "requires": {
        "coinstring": "~0.2.0",
        "eckey": "~0.4.0",
        "secure-random": "~0.2.0"
      },
      "dependencies": {
        "secure-random": {
          "version": "0.2.1",
          "resolved": "https://registry.npmjs.org/secure-random/-/secure-random-0.2.1.tgz",
          "integrity": "sha1-HC8Iy5TYwG3v9SchpgRbupb4Wpo="
        }
      }
    },
    "coinstring": {
      "version": "0.2.0",
      "resolved": "https://registry.npmjs.org/coinstring/-/coinstring-0.2.0.tgz",
      "integrity": "sha1-+iggSXu541t8+hFvBIIZym8/NI8=",
      "requires": {
        "bs58": "0.3.x",
        "crypto-hashing": "~0.3.0"
      }
    },
    "commander": {
      "version": "2.20.0",
      "resolved": "https://registry.npmjs.org/commander/-/commander-2.20.0.tgz",
      "integrity": "sha512-7j2y+40w61zy6YC2iRNpUe/NwhNyoXrYpHMrSunaMG64nRnaf96zO/KMQR4OyN/UnE5KLyEBnKHd4aG3rskjpQ=="
    },
    "concat-map": {
      "version": "0.0.1",
      "resolved": "https://registry.npmjs.org/concat-map/-/concat-map-0.0.1.tgz",
      "integrity": "sha1-2Klr13/Wjfd5OnMDajug1UBdR3s="
    },
    "config-chain": {
      "version": "1.1.12",
      "resolved": "https://registry.npmjs.org/config-chain/-/config-chain-1.1.12.tgz",
      "integrity": "sha512-a1eOIcu8+7lUInge4Rpf/n4Krkf3Dd9lqhljRzII1/Zno/kRtUWnznPO3jOKBmTEktkt3fkxisUcivoj0ebzoA==",
      "requires": {
        "ini": "^1.3.4",
        "proto-list": "~1.2.1"
      }
    },
    "convert-hex": {
      "version": "0.1.0",
      "resolved": "https://registry.npmjs.org/convert-hex/-/convert-hex-0.1.0.tgz",
      "integrity": "sha1-CMBFaJIsJ3drii6BqV05M2LqC2U="
    },
    "convert-string": {
      "version": "0.1.0",
      "resolved": "https://registry.npmjs.org/convert-string/-/convert-string-0.1.0.tgz",
      "integrity": "sha1-ec5BqbsNA7z3LNxqjzxW+7xkQQo="
    },
    "crypt": {
      "version": "0.0.2",
      "resolved": "https://registry.npmjs.org/crypt/-/crypt-0.0.2.tgz",
      "integrity": "sha1-iNf/fsDfuG9xPch7u0LQRNPmxBs="
    },
    "crypto-hashing": {
      "version": "0.3.1",
      "resolved": "https://registry.npmjs.org/crypto-hashing/-/crypto-hashing-0.3.1.tgz",
      "integrity": "sha1-AZVUjbi971CqnVJlFMxUbh5i+84=",
      "requires": {
        "binstring": "0.2.x",
        "ripemd160": "~0.2.0"
      }
    },
    "ecdsa": {
      "version": "0.6.0",
      "resolved": "https://registry.npmjs.org/ecdsa/-/ecdsa-0.6.0.tgz",
      "integrity": "sha1-NemIe29Bjse5g4AXAzTcJ2Omsxc=",
      "requires": {
        "bigi": "^1.2.1",
        "ecurve": "^1.0.0"
      },
      "dependencies": {
        "ecurve": {
          "version": "1.0.6",
          "resolved": "https://registry.npmjs.org/ecurve/-/ecurve-1.0.6.tgz",
          "integrity": "sha512-/BzEjNfiSuB7jIWKcS/z8FK9jNjmEWvUV2YZ4RLSmcDtP7Lq0m6FvDuSnJpBlDpGRpfRQeTLGLBI8H+kEv0r+w==",
          "requires": {
            "bigi": "^1.1.0",
            "safe-buffer": "^5.0.1"
          }
        }
      }
    },
    "eckey": {
      "version": "0.4.2",
      "resolved": "https://registry.npmjs.org/eckey/-/eckey-0.4.2.tgz",
      "integrity": "sha1-zqU7fVKeQhaPLIWXp+jTK8njlDY=",
      "requires": {
        "bigi": "0.2.x",
        "ecurve": "~0.3.0",
        "ecurve-names": "~0.3.0"
      },
      "dependencies": {
        "bigi": {
          "version": "0.2.0",
          "resolved": "https://registry.npmjs.org/bigi/-/bigi-0.2.0.tgz",
          "integrity": "sha1-i+4mNIuZxK4u0gSB+xI4TDJ5L3Q="
        }
      }
    },
    "ecurve": {
      "version": "0.3.2",
      "resolved": "https://registry.npmjs.org/ecurve/-/ecurve-0.3.2.tgz",
      "integrity": "sha1-ut7/nvlTme6i4X0bUz8BBIQkC1A=",
      "requires": {
        "bigi": "0.2.x"
      },
      "dependencies": {
        "bigi": {
          "version": "0.2.0",
          "resolved": "https://registry.npmjs.org/bigi/-/bigi-0.2.0.tgz",
          "integrity": "sha1-i+4mNIuZxK4u0gSB+xI4TDJ5L3Q="
        }
      }
    },
    "ecurve-names": {
      "version": "0.3.0",
      "resolved": "https://registry.npmjs.org/ecurve-names/-/ecurve-names-0.3.0.tgz",
      "integrity": "sha1-+VJeQD9Eo197wXVX/35BCRkx1Zw=",
      "requires": {
        "bigi": "0.2.x",
        "ecurve": "~0.3.0"
      },
      "dependencies": {
        "bigi": {
          "version": "0.2.0",
          "resolved": "https://registry.npmjs.org/bigi/-/bigi-0.2.0.tgz",
          "integrity": "sha1-i+4mNIuZxK4u0gSB+xI4TDJ5L3Q="
        }
      }
    },
    "editorconfig": {
      "version": "0.15.3",
      "resolved": "https://registry.npmjs.org/editorconfig/-/editorconfig-0.15.3.tgz",
      "integrity": "sha512-M9wIMFx96vq0R4F+gRpY3o2exzb8hEj/n9S8unZtHSvYjibBp/iMufSzvmOcV/laG0ZtuTVGtiJggPOSW2r93g==",
      "requires": {
        "commander": "^2.19.0",
        "lru-cache": "^4.1.5",
        "semver": "^5.6.0",
        "sigmund": "^1.0.1"
      }
    },
    "fs.realpath": {
      "version": "1.0.0",
      "resolved": "https://registry.npmjs.org/fs.realpath/-/fs.realpath-1.0.0.tgz",
      "integrity": "sha1-FQStJSMVjKpA20onh8sBQRmU6k8="
    },
    "glob": {
      "version": "7.1.4",
      "resolved": "https://registry.npmjs.org/glob/-/glob-7.1.4.tgz",
      "integrity": "sha512-hkLPepehmnKk41pUGm3sYxoFs/umurYfYJCerbXEyFIWcAzvpipAgVkBqqT9RBKMGjnq6kMuyYwha6csxbiM1A==",
      "requires": {
        "fs.realpath": "^1.0.0",
        "inflight": "^1.0.4",
        "inherits": "2",
        "minimatch": "^3.0.4",
        "once": "^1.3.0",
        "path-is-absolute": "^1.0.0"
      }
    },
    "inflight": {
      "version": "1.0.6",
      "resolved": "https://registry.npmjs.org/inflight/-/inflight-1.0.6.tgz",
      "integrity": "sha1-Sb1jMdfQLQwJvJEKEHW6gWW1bfk=",
      "requires": {
        "once": "^1.3.0",
        "wrappy": "1"
      }
    },
    "inherits": {
      "version": "2.0.4",
      "resolved": "https://registry.npmjs.org/inherits/-/inherits-2.0.4.tgz",
      "integrity": "sha512-k/vGaX4/Yla3WzyMCvTQOXYeIHvqOKtnqBduzTHpzpQZzAskKMhZ2K+EnBiSM9zGSoIFeMpXKxa4dYeZIQqewQ=="
    },
    "ini": {
      "version": "1.3.8",
      "resolved": "https://registry.npmjs.org/ini/-/ini-1.3.8.tgz",
      "integrity": "sha512-JV/yugV2uzW5iMRSiZAyDtQd+nxtUnjeLt0acNdw98kKLrvuRVyB80tsREOE7yvGVgalhZ6RNXCmEHkUKBKxew=="
    },
    "js-beautify": {
      "version": "1.10.2",
      "resolved": "https://registry.npmjs.org/js-beautify/-/js-beautify-1.10.2.tgz",
      "integrity": "sha512-ZtBYyNUYJIsBWERnQP0rPN9KjkrDfJcMjuVGcvXOUJrD1zmOGwhRwQ4msG+HJ+Ni/FA7+sRQEMYVzdTQDvnzvQ==",
      "requires": {
        "config-chain": "^1.1.12",
        "editorconfig": "^0.15.3",
        "glob": "^7.1.3",
        "mkdirp": "~0.5.1",
        "nopt": "~4.0.1"
      }
    },
    "lru-cache": {
      "version": "4.1.5",
      "resolved": "https://registry.npmjs.org/lru-cache/-/lru-cache-4.1.5.tgz",
      "integrity": "sha512-sWZlbEP2OsHNkXrMl5GYk/jKk70MBng6UU4YI/qGDYbgf6YbP4EvmqISbXCoJiRKs+1bSpFHVgQxvJ17F2li5g==",
      "requires": {
        "pseudomap": "^1.0.2",
        "yallist": "^2.1.2"
      }
    },
    "minimatch": {
      "version": "3.0.4",
      "resolved": "https://registry.npmjs.org/minimatch/-/minimatch-3.0.4.tgz",
      "integrity": "sha512-yJHVQEhyqPLUTgt9B83PXu6W3rx4MvvHvSUvToogpwoGDOUQ+yDrR0HRot+yOCdCO7u4hX3pWft6kWBBcqh0UA==",
      "requires": {
        "brace-expansion": "^1.1.7"
      }
    },
    "minimist": {
      "version": "0.0.8",
      "resolved": "https://registry.npmjs.org/minimist/-/minimist-0.0.8.tgz",
      "integrity": "sha1-hX/Kv8M5fSYluCKCYuhqp6ARsF0="
    },
    "mkdirp": {
      "version": "0.5.1",
      "resolved": "https://registry.npmjs.org/mkdirp/-/mkdirp-0.5.1.tgz",
      "integrity": "sha1-MAV0OOrGz3+MR2fzhkjWaX11yQM=",
      "requires": {
        "minimist": "0.0.8"
      }
    },
    "nopt": {
      "version": "4.0.1",
      "resolved": "https://registry.npmjs.org/nopt/-/nopt-4.0.1.tgz",
      "integrity": "sha1-0NRoWv1UFRk8jHUFYC0NF81kR00=",
      "requires": {
        "abbrev": "1",
        "osenv": "^0.1.4"
      }
    },
    "once": {
      "version": "1.4.0",
      "resolved": "https://registry.npmjs.org/once/-/once-1.4.0.tgz",
      "integrity": "sha1-WDsap3WWHUsROsF9nFC6753Xa9E=",
      "requires": {
        "wrappy": "1"
      }
    },
    "os-homedir": {
      "version": "1.0.2",
      "resolved": "https://registry.npmjs.org/os-homedir/-/os-homedir-1.0.2.tgz",
      "integrity": "sha1-/7xJiDNuDoM94MFox+8VISGqf7M="
    },
    "os-tmpdir": {
      "version": "1.0.2",
      "resolved": "https://registry.npmjs.org/os-tmpdir/-/os-tmpdir-1.0.2.tgz",
      "integrity": "sha1-u+Z0BseaqFxc/sdm/lc0VV36EnQ="
    },
    "osenv": {
      "version": "0.1.5",
      "resolved": "https://registry.npmjs.org/osenv/-/osenv-0.1.5.tgz",
      "integrity": "sha512-0CWcCECdMVc2Rw3U5w9ZjqX6ga6ubk1xDVKxtBQPK7wis/0F2r9T6k4ydGYhecl7YUBxBVxhL5oisPsNxAPe2g==",
      "requires": {
        "os-homedir": "^1.0.0",
        "os-tmpdir": "^1.0.0"
      }
    },
    "path-is-absolute": {
      "version": "1.0.1",
      "resolved": "https://registry.npmjs.org/path-is-absolute/-/path-is-absolute-1.0.1.tgz",
      "integrity": "sha1-F0uSaHNVNP+8es5r9TpanhtcX18="
    },
    "proto-list": {
      "version": "1.2.4",
      "resolved": "https://registry.npmjs.org/proto-list/-/proto-list-1.2.4.tgz",
      "integrity": "sha1-IS1b/hMYMGpCD2QCuOJv85ZHqEk="
    },
    "pseudomap": {
      "version": "1.0.2",
      "resolved": "https://registry.npmjs.org/pseudomap/-/pseudomap-1.0.2.tgz",
      "integrity": "sha1-8FKijacOYYkX7wqKw0wa5aaChrM="
    },
    "ripemd160": {
      "version": "0.2.1",
      "resolved": "https://registry.npmjs.org/ripemd160/-/ripemd160-0.2.1.tgz",
      "integrity": "sha1-3uGSSKPhyBX/muo551OjN/VqJD0="
    },
    "safe-buffer": {
      "version": "5.2.0",
      "resolved": "https://registry.npmjs.org/safe-buffer/-/safe-buffer-5.2.0.tgz",
      "integrity": "sha512-fZEwUGbVl7kouZs1jCdMLdt95hdIv0ZeHg6L7qPeciMZhZ+/gdesW4wgTARkrFWEpspjEATAzUGPG8N2jJiwbg=="
    },
    "secure-random": {
      "version": "1.1.2",
      "resolved": "https://registry.npmjs.org/secure-random/-/secure-random-1.1.2.tgz",
      "integrity": "sha512-H2bdSKERKdBV1SwoqYm6C0y+9EA94v6SUBOWO8kDndc4NoUih7Dv6Tsgma7zO1lv27wIvjlD0ZpMQk7um5dheQ=="
    },
    "semver": {
      "version": "5.7.2",
      "resolved": "https://registry.npmjs.org/semver/-/semver-5.7.2.tgz",
      "integrity": "sha512-cBznnQ9KjJqU67B52RMC65CMarK2600WFnbkcaiwWq3xy/5haFJlshgnpjovMVJ+Hff49d8GEn0b87C5pDQ10g=="
    },
    "sha1": {
      "version": "1.1.1",
      "resolved": "https://registry.npmjs.org/sha1/-/sha1-1.1.1.tgz",
      "integrity": "sha1-rdqnqTFo85PxnrKxUJFhjicA+Eg=",
      "requires": {
        "charenc": ">= 0.0.1",
        "crypt": ">= 0.0.1"
      }
    },
    "sha256": {
      "version": "0.1.1",
      "resolved": "https://registry.npmjs.org/sha256/-/sha256-0.1.1.tgz",
      "integrity": "sha1-NClvkEmNo+jGsG//6Ohg26KZ+QI=",
      "requires": {
        "convert-hex": "~0.1.0",
        "convert-string": "~0.1.0"
      }
    },
    "sigmund": {
      "version": "1.0.1",
      "resolved": "https://registry.npmjs.org/sigmund/-/sigmund-1.0.1.tgz",
      "integrity": "sha1-P/IfGYytIXX587eBhT/ZTQ0ZtZA="
    },
    "wrappy": {
      "version": "1.0.2",
      "resolved": "https://registry.npmjs.org/wrappy/-/wrappy-1.0.2.tgz",
      "integrity": "sha1-tSQ9jz7BqjXxNkYFvA0QNuMKtp8="
    },
    "yallist": {
      "version": "2.1.2",
      "resolved": "https://registry.npmjs.org/yallist/-/yallist-2.1.2.tgz",
      "integrity": "sha1-HBH5IY8HYImkfdUS+TxmmaaoHVI="
    }
  }
}
